// !$*UTF8*$!
{
	archiveVersion = 1;
	classes = {
	};
	objectVersion = 56;
	objects = {

/* Begin PBXBuildFile section */
		8B03660729125A7F0003FDFA /* HomeMenu.swift in Sources */ = {isa = PBXBuildFile; fileRef = 8B03660629125A7F0003FDFA /* HomeMenu.swift */; };
		8B1D1DA42910EB760070462B /* SpotifanApp.swift in Sources */ = {isa = PBXBuildFile; fileRef = 8B1D1DA32910EB760070462B /* SpotifanApp.swift */; };
		8B1D1DA82910EB780070462B /* Assets.xcassets in Resources */ = {isa = PBXBuildFile; fileRef = 8B1D1DA72910EB780070462B /* Assets.xcassets */; };
		8B1D1DAB2910EB780070462B /* Preview Assets.xcassets in Resources */ = {isa = PBXBuildFile; fileRef = 8B1D1DAA2910EB780070462B /* Preview Assets.xcassets */; };
		8B1D1DB02910EB780070462B /* Spotifan.xcdatamodeld in Sources */ = {isa = PBXBuildFile; fileRef = 8B1D1DAE2910EB780070462B /* Spotifan.xcdatamodeld */; };
		8B1D1DBA2910EB780070462B /* SpotifanTests.swift in Sources */ = {isa = PBXBuildFile; fileRef = 8B1D1DB92910EB780070462B /* SpotifanTests.swift */; };
		8B1D1DC42910EB780070462B /* SpotifanUITests.swift in Sources */ = {isa = PBXBuildFile; fileRef = 8B1D1DC32910EB780070462B /* SpotifanUITests.swift */; };
		8B1D1DC62910EB780070462B /* SpotifanUITestsLaunchTests.swift in Sources */ = {isa = PBXBuildFile; fileRef = 8B1D1DC52910EB780070462B /* SpotifanUITestsLaunchTests.swift */; };
		8B1D1DD629110DC00070462B /* HomeView.swift in Sources */ = {isa = PBXBuildFile; fileRef = 8B1D1DD529110DC00070462B /* HomeView.swift */; };
		8B1D1DDA291110AF0070462B /* Color.swift in Sources */ = {isa = PBXBuildFile; fileRef = 8B1D1DD9291110AF0070462B /* Color.swift */; };
		8B1D1DE0291114A30070462B /* NavbarContainer.swift in Sources */ = {isa = PBXBuildFile; fileRef = 8B1D1DDF291114A30070462B /* NavbarContainer.swift */; };
		8B1D1DE8291127E60070462B /* AppState.swift in Sources */ = {isa = PBXBuildFile; fileRef = 8B1D1DE7291127E60070462B /* AppState.swift */; };
		8B1D1DEE291130C80070462B /* ScrollOffsetPreferenceKey.swift in Sources */ = {isa = PBXBuildFile; fileRef = 8B1D1DED291130C80070462B /* ScrollOffsetPreferenceKey.swift */; };
		8B2C38A529279D7B0076D698 /* TabMenuEnum.swift in Sources */ = {isa = PBXBuildFile; fileRef = 8B2C38A429279D7B0076D698 /* TabMenuEnum.swift */; };
		8B2C38A72927BCB50076D698 /* LibraryNavbar.swift in Sources */ = {isa = PBXBuildFile; fileRef = 8B2C38A62927BCB50076D698 /* LibraryNavbar.swift */; };
		8B40FF5B2928DEB200D922FB /* LibraryListOrGrid.swift in Sources */ = {isa = PBXBuildFile; fileRef = 8B40FF5A2928DEB200D922FB /* LibraryListOrGrid.swift */; };
		8B56240D291BDB6E00DE3777 /* ViewFrame.swift in Sources */ = {isa = PBXBuildFile; fileRef = 8B56240C291BDB6E00DE3777 /* ViewFrame.swift */; };
		8B56240F291BDB7E00DE3777 /* GeometryGetter.swift in Sources */ = {isa = PBXBuildFile; fileRef = 8B56240E291BDB7E00DE3777 /* GeometryGetter.swift */; };
		8B56B632291821C2003D3CB0 /* KeychainManager.swift in Sources */ = {isa = PBXBuildFile; fileRef = 8B56B631291821C2003D3CB0 /* KeychainManager.swift */; };
		8B56B63529183076003D3CB0 /* SpotifyAPI.swift in Sources */ = {isa = PBXBuildFile; fileRef = 8B56B63429183076003D3CB0 /* SpotifyAPI.swift */; };
		8B5B666B29249669003ED93D /* SongCarousel.swift in Sources */ = {isa = PBXBuildFile; fileRef = 8B5B666A29249669003ED93D /* SongCarousel.swift */; };
		8B5B666D2924DF09003ED93D /* MainView.swift in Sources */ = {isa = PBXBuildFile; fileRef = 8B5B666C2924DF09003ED93D /* MainView.swift */; };
		8B5B66712924DF54003ED93D /* ExploreView.swift in Sources */ = {isa = PBXBuildFile; fileRef = 8B5B66702924DF54003ED93D /* ExploreView.swift */; };
		8B5B66732924DFB3003ED93D /* LibraryView.swift in Sources */ = {isa = PBXBuildFile; fileRef = 8B5B66722924DFB3003ED93D /* LibraryView.swift */; };
		8B5B66752924DFDE003ED93D /* ExploreNavbar.swift in Sources */ = {isa = PBXBuildFile; fileRef = 8B5B66742924DFDE003ED93D /* ExploreNavbar.swift */; };
		8B5B66772924F2DB003ED93D /* SongCategoryGrid.swift in Sources */ = {isa = PBXBuildFile; fileRef = 8B5B66762924F2DB003ED93D /* SongCategoryGrid.swift */; };
		8B5B66792924F637003ED93D /* SongCategory.swift in Sources */ = {isa = PBXBuildFile; fileRef = 8B5B66782924F637003ED93D /* SongCategory.swift */; };
		8B638F2E29134F6600DD3E48 /* SongGrid.swift in Sources */ = {isa = PBXBuildFile; fileRef = 8B638F2D29134F6600DD3E48 /* SongGrid.swift */; };
		8B638F33291352CA00DD3E48 /* SongPlaylist.swift in Sources */ = {isa = PBXBuildFile; fileRef = 8B638F32291352CA00DD3E48 /* SongPlaylist.swift */; };
		8B638F35291352D300DD3E48 /* Song.swift in Sources */ = {isa = PBXBuildFile; fileRef = 8B638F34291352D300DD3E48 /* Song.swift */; };
		8B638F3D291389D900DD3E48 /* APIManager.swift in Sources */ = {isa = PBXBuildFile; fileRef = 8B638F3C291389D900DD3E48 /* APIManager.swift */; };
		8B638F422913913300DD3E48 /* HTTPMethodEnum.swift in Sources */ = {isa = PBXBuildFile; fileRef = 8B638F412913913300DD3E48 /* HTTPMethodEnum.swift */; };
		8B688C28291CE7870082CD3C /* HomeNavbar.swift in Sources */ = {isa = PBXBuildFile; fileRef = 8B688C27291CE7870082CD3C /* HomeNavbar.swift */; };
		8B7E75FA2916DC67008599AD /* CombineStore.swift in Sources */ = {isa = PBXBuildFile; fileRef = 8B7E75F92916DC67008599AD /* CombineStore.swift */; };
		8B7E75FC2916DDB2008599AD /* TestView.swift in Sources */ = {isa = PBXBuildFile; fileRef = 8B7E75FB2916DDB2008599AD /* TestView.swift */; };
		8B7E75FF291780D7008599AD /* Request in Frameworks */ = {isa = PBXBuildFile; productRef = 8B7E75FE291780D7008599AD /* Request */; };
		8B7E7601291787FB008599AD /* WebView.swift in Sources */ = {isa = PBXBuildFile; fileRef = 8B7E7600291787FB008599AD /* WebView.swift */; };
		8B7E76042917AE4C008599AD /* OAuthSwift in Frameworks */ = {isa = PBXBuildFile; productRef = 8B7E76032917AE4C008599AD /* OAuthSwift */; };
		8BA5139B29269D7300686208 /* ScrollView.swift in Sources */ = {isa = PBXBuildFile; fileRef = 8BA5139A29269D7300686208 /* ScrollView.swift */; };
		8BF3F54E291B972D0098FD4A /* UIScreen.swift in Sources */ = {isa = PBXBuildFile; fileRef = 8BF3F54D291B972D0098FD4A /* UIScreen.swift */; };
		8BF3F554291BB9560098FD4A /* GeometryProxy.swift in Sources */ = {isa = PBXBuildFile; fileRef = 8BF3F553291BB9560098FD4A /* GeometryProxy.swift */; };
/* End PBXBuildFile section */

/* Begin PBXContainerItemProxy section */
		8B1D1DB62910EB780070462B /* PBXContainerItemProxy */ = {
			isa = PBXContainerItemProxy;
			containerPortal = 8B1D1D982910EB760070462B /* Project object */;
			proxyType = 1;
			remoteGlobalIDString = 8B1D1D9F2910EB760070462B;
			remoteInfo = Spotifan;
		};
		8B1D1DC02910EB780070462B /* PBXContainerItemProxy */ = {
			isa = PBXContainerItemProxy;
			containerPortal = 8B1D1D982910EB760070462B /* Project object */;
			proxyType = 1;
			remoteGlobalIDString = 8B1D1D9F2910EB760070462B;
			remoteInfo = Spotifan;
		};
/* End PBXContainerItemProxy section */

/* Begin PBXFileReference section */
		8B03660629125A7F0003FDFA /* HomeMenu.swift */ = {isa = PBXFileReference; lastKnownFileType = sourcecode.swift; name = HomeMenu.swift; path = Spotifan/Components/Home/HomeMenu.swift; sourceTree = SOURCE_ROOT; };
		8B1D1DA02910EB760070462B /* Spotifan.app */ = {isa = PBXFileReference; explicitFileType = wrapper.application; includeInIndex = 0; path = Spotifan.app; sourceTree = BUILT_PRODUCTS_DIR; };
		8B1D1DA32910EB760070462B /* SpotifanApp.swift */ = {isa = PBXFileReference; lastKnownFileType = sourcecode.swift; path = SpotifanApp.swift; sourceTree = "<group>"; };
		8B1D1DA72910EB780070462B /* Assets.xcassets */ = {isa = PBXFileReference; lastKnownFileType = folder.assetcatalog; path = Assets.xcassets; sourceTree = "<group>"; };
		8B1D1DAA2910EB780070462B /* Preview Assets.xcassets */ = {isa = PBXFileReference; lastKnownFileType = folder.assetcatalog; path = "Preview Assets.xcassets"; sourceTree = "<group>"; };
		8B1D1DAF2910EB780070462B /* Spotifan.xcdatamodel */ = {isa = PBXFileReference; lastKnownFileType = wrapper.xcdatamodel; path = Spotifan.xcdatamodel; sourceTree = "<group>"; };
		8B1D1DB52910EB780070462B /* SpotifanTests.xctest */ = {isa = PBXFileReference; explicitFileType = wrapper.cfbundle; includeInIndex = 0; path = SpotifanTests.xctest; sourceTree = BUILT_PRODUCTS_DIR; };
		8B1D1DB92910EB780070462B /* SpotifanTests.swift */ = {isa = PBXFileReference; lastKnownFileType = sourcecode.swift; path = SpotifanTests.swift; sourceTree = "<group>"; };
		8B1D1DBF2910EB780070462B /* SpotifanUITests.xctest */ = {isa = PBXFileReference; explicitFileType = wrapper.cfbundle; includeInIndex = 0; path = SpotifanUITests.xctest; sourceTree = BUILT_PRODUCTS_DIR; };
		8B1D1DC32910EB780070462B /* SpotifanUITests.swift */ = {isa = PBXFileReference; lastKnownFileType = sourcecode.swift; path = SpotifanUITests.swift; sourceTree = "<group>"; };
		8B1D1DC52910EB780070462B /* SpotifanUITestsLaunchTests.swift */ = {isa = PBXFileReference; lastKnownFileType = sourcecode.swift; path = SpotifanUITestsLaunchTests.swift; sourceTree = "<group>"; };
		8B1D1DD529110DC00070462B /* HomeView.swift */ = {isa = PBXFileReference; lastKnownFileType = sourcecode.swift; path = HomeView.swift; sourceTree = "<group>"; };
		8B1D1DD9291110AF0070462B /* Color.swift */ = {isa = PBXFileReference; lastKnownFileType = sourcecode.swift; path = Color.swift; sourceTree = "<group>"; };
		8B1D1DDF291114A30070462B /* NavbarContainer.swift */ = {isa = PBXFileReference; lastKnownFileType = sourcecode.swift; path = NavbarContainer.swift; sourceTree = "<group>"; };
		8B1D1DE7291127E60070462B /* AppState.swift */ = {isa = PBXFileReference; lastKnownFileType = sourcecode.swift; name = AppState.swift; path = Spotifan/Stores/AppState.swift; sourceTree = SOURCE_ROOT; };
		8B1D1DED291130C80070462B /* ScrollOffsetPreferenceKey.swift */ = {isa = PBXFileReference; lastKnownFileType = sourcecode.swift; path = ScrollOffsetPreferenceKey.swift; sourceTree = "<group>"; };
		8B2C38A429279D7B0076D698 /* TabMenuEnum.swift */ = {isa = PBXFileReference; lastKnownFileType = sourcecode.swift; path = TabMenuEnum.swift; sourceTree = "<group>"; };
		8B2C38A62927BCB50076D698 /* LibraryNavbar.swift */ = {isa = PBXFileReference; lastKnownFileType = sourcecode.swift; path = LibraryNavbar.swift; sourceTree = "<group>"; };
		8B40FF5A2928DEB200D922FB /* LibraryListOrGrid.swift */ = {isa = PBXFileReference; lastKnownFileType = sourcecode.swift; path = LibraryListOrGrid.swift; sourceTree = "<group>"; };
		8B56240C291BDB6E00DE3777 /* ViewFrame.swift */ = {isa = PBXFileReference; lastKnownFileType = sourcecode.swift; path = ViewFrame.swift; sourceTree = "<group>"; };
		8B56240E291BDB7E00DE3777 /* GeometryGetter.swift */ = {isa = PBXFileReference; lastKnownFileType = sourcecode.swift; path = GeometryGetter.swift; sourceTree = "<group>"; };
		8B56B631291821C2003D3CB0 /* KeychainManager.swift */ = {isa = PBXFileReference; lastKnownFileType = sourcecode.swift; path = KeychainManager.swift; sourceTree = "<group>"; };
		8B56B63429183076003D3CB0 /* SpotifyAPI.swift */ = {isa = PBXFileReference; lastKnownFileType = sourcecode.swift; path = SpotifyAPI.swift; sourceTree = "<group>"; };
		8B5B666A29249669003ED93D /* SongCarousel.swift */ = {isa = PBXFileReference; lastKnownFileType = sourcecode.swift; path = SongCarousel.swift; sourceTree = "<group>"; };
		8B5B666C2924DF09003ED93D /* MainView.swift */ = {isa = PBXFileReference; lastKnownFileType = sourcecode.swift; path = MainView.swift; sourceTree = "<group>"; };
		8B5B66702924DF54003ED93D /* ExploreView.swift */ = {isa = PBXFileReference; lastKnownFileType = sourcecode.swift; path = ExploreView.swift; sourceTree = "<group>"; };
		8B5B66722924DFB3003ED93D /* LibraryView.swift */ = {isa = PBXFileReference; lastKnownFileType = sourcecode.swift; path = LibraryView.swift; sourceTree = "<group>"; };
		8B5B66742924DFDE003ED93D /* ExploreNavbar.swift */ = {isa = PBXFileReference; lastKnownFileType = sourcecode.swift; path = ExploreNavbar.swift; sourceTree = "<group>"; };
		8B5B66762924F2DB003ED93D /* SongCategoryGrid.swift */ = {isa = PBXFileReference; lastKnownFileType = sourcecode.swift; path = SongCategoryGrid.swift; sourceTree = "<group>"; };
		8B5B66782924F637003ED93D /* SongCategory.swift */ = {isa = PBXFileReference; lastKnownFileType = sourcecode.swift; path = SongCategory.swift; sourceTree = "<group>"; };
		8B638F2D29134F6600DD3E48 /* SongGrid.swift */ = {isa = PBXFileReference; lastKnownFileType = sourcecode.swift; path = SongGrid.swift; sourceTree = "<group>"; };
		8B638F32291352CA00DD3E48 /* SongPlaylist.swift */ = {isa = PBXFileReference; lastKnownFileType = sourcecode.swift; path = SongPlaylist.swift; sourceTree = "<group>"; };
		8B638F34291352D300DD3E48 /* Song.swift */ = {isa = PBXFileReference; lastKnownFileType = sourcecode.swift; path = Song.swift; sourceTree = "<group>"; };
		8B638F3C291389D900DD3E48 /* APIManager.swift */ = {isa = PBXFileReference; lastKnownFileType = sourcecode.swift; path = APIManager.swift; sourceTree = "<group>"; };
		8B638F412913913300DD3E48 /* HTTPMethodEnum.swift */ = {isa = PBXFileReference; lastKnownFileType = sourcecode.swift; path = HTTPMethodEnum.swift; sourceTree = "<group>"; };
		8B688C27291CE7870082CD3C /* HomeNavbar.swift */ = {isa = PBXFileReference; lastKnownFileType = sourcecode.swift; path = HomeNavbar.swift; sourceTree = "<group>"; };
		8B7E75F92916DC67008599AD /* CombineStore.swift */ = {isa = PBXFileReference; lastKnownFileType = sourcecode.swift; path = CombineStore.swift; sourceTree = "<group>"; };
		8B7E75FB2916DDB2008599AD /* TestView.swift */ = {isa = PBXFileReference; lastKnownFileType = sourcecode.swift; path = TestView.swift; sourceTree = "<group>"; };
		8B7E7600291787FB008599AD /* WebView.swift */ = {isa = PBXFileReference; lastKnownFileType = sourcecode.swift; path = WebView.swift; sourceTree = "<group>"; };
		8B7E76052917B5C9008599AD /* Info.plist */ = {isa = PBXFileReference; lastKnownFileType = text.plist; path = Info.plist; sourceTree = "<group>"; };
		8BA5139A29269D7300686208 /* ScrollView.swift */ = {isa = PBXFileReference; lastKnownFileType = sourcecode.swift; path = ScrollView.swift; sourceTree = "<group>"; };
		8BF3F54D291B972D0098FD4A /* UIScreen.swift */ = {isa = PBXFileReference; lastKnownFileType = sourcecode.swift; path = UIScreen.swift; sourceTree = "<group>"; };
		8BF3F553291BB9560098FD4A /* GeometryProxy.swift */ = {isa = PBXFileReference; lastKnownFileType = sourcecode.swift; path = GeometryProxy.swift; sourceTree = "<group>"; };
/* End PBXFileReference section */

/* Begin PBXFrameworksBuildPhase section */
		8B1D1D9D2910EB760070462B /* Frameworks */ = {
			isa = PBXFrameworksBuildPhase;
			buildActionMask = 2147483647;
			files = (
				8B7E76042917AE4C008599AD /* OAuthSwift in Frameworks */,
				8B7E75FF291780D7008599AD /* Request in Frameworks */,
			);
			runOnlyForDeploymentPostprocessing = 0;
		};
		8B1D1DB22910EB780070462B /* Frameworks */ = {
			isa = PBXFrameworksBuildPhase;
			buildActionMask = 2147483647;
			files = (
			);
			runOnlyForDeploymentPostprocessing = 0;
		};
		8B1D1DBC2910EB780070462B /* Frameworks */ = {
			isa = PBXFrameworksBuildPhase;
			buildActionMask = 2147483647;
			files = (
			);
			runOnlyForDeploymentPostprocessing = 0;
		};
/* End PBXFrameworksBuildPhase section */

/* Begin PBXGroup section */
		8B03660929125A940003FDFA /* Home */ = {
			isa = PBXGroup;
			children = (
				8B03660629125A7F0003FDFA /* HomeMenu.swift */,
			);
			path = Home;
			sourceTree = "<group>";
		};
		8B1D1D972910EB760070462B = {
			isa = PBXGroup;
			children = (
				8B1D1DA22910EB760070462B /* Spotifan */,
				8B1D1DB82910EB780070462B /* SpotifanTests */,
				8B1D1DC22910EB780070462B /* SpotifanUITests */,
				8B1D1DA12910EB760070462B /* Products */,
			);
			sourceTree = "<group>";
		};
		8B1D1DA12910EB760070462B /* Products */ = {
			isa = PBXGroup;
			children = (
				8B1D1DA02910EB760070462B /* Spotifan.app */,
				8B1D1DB52910EB780070462B /* SpotifanTests.xctest */,
				8B1D1DBF2910EB780070462B /* SpotifanUITests.xctest */,
			);
			name = Products;
			sourceTree = "<group>";
		};
		8B1D1DA22910EB760070462B /* Spotifan */ = {
			isa = PBXGroup;
			children = (
				8B56B63329183066003D3CB0 /* APIs */,
				8B1D1DDB2911131B0070462B /* Components */,
				8B638F3E2913911B00DD3E48 /* Enums */,
				8B1D1DD72911107C0070462B /* Extensions */,
				8B7E76052917B5C9008599AD /* Info.plist */,
				8B638F36291387C500DD3E48 /* Managers */,
				8B1D1DD22910EB910070462B /* Models */,
				8B1D1DE92911290F0070462B /* Modifiers */,
				8B1D1DEC2911309A0070462B /* PreferenceKeys */,
				8B1D1DA92910EB780070462B /* Preview Content */,
				8B1D1DAE2910EB780070462B /* Spotifan.xcdatamodeld */,
				8B1D1DA32910EB760070462B /* SpotifanApp.swift */,
				8B1D1DE2291127AF0070462B /* Stores */,
				8B1D1DD8291110840070462B /* Utilities */,
				8B1D1DD42910EBAE0070462B /* Views */,
			);
			path = Spotifan;
			sourceTree = "<group>";
		};
		8B1D1DA92910EB780070462B /* Preview Content */ = {
			isa = PBXGroup;
			children = (
				8B1D1DAA2910EB780070462B /* Preview Assets.xcassets */,
			);
			path = "Preview Content";
			sourceTree = "<group>";
		};
		8B1D1DB82910EB780070462B /* SpotifanTests */ = {
			isa = PBXGroup;
			children = (
				8B1D1DB92910EB780070462B /* SpotifanTests.swift */,
			);
			path = SpotifanTests;
			sourceTree = "<group>";
		};
		8B1D1DC22910EB780070462B /* SpotifanUITests */ = {
			isa = PBXGroup;
			children = (
				8B1D1DC32910EB780070462B /* SpotifanUITests.swift */,
				8B1D1DC52910EB780070462B /* SpotifanUITestsLaunchTests.swift */,
			);
			path = SpotifanUITests;
			sourceTree = "<group>";
		};
		8B1D1DD22910EB910070462B /* Models */ = {
			isa = PBXGroup;
			children = (
				8B638F31291352AE00DD3E48 /* Songs */,
			);
			path = Models;
			sourceTree = "<group>";
		};
		8B1D1DD42910EBAE0070462B /* Views */ = {
			isa = PBXGroup;
			children = (
				8B5B666E2924DF2A003ED93D /* Menus */,
				8B7E75FB2916DDB2008599AD /* TestView.swift */,
				8B7E7600291787FB008599AD /* WebView.swift */,
				8B5B666C2924DF09003ED93D /* MainView.swift */,
			);
			path = Views;
			sourceTree = "<group>";
		};
		8B1D1DD72911107C0070462B /* Extensions */ = {
			isa = PBXGroup;
			children = (
				8B1D1DD9291110AF0070462B /* Color.swift */,
				8BF3F54D291B972D0098FD4A /* UIScreen.swift */,
				8BF3F553291BB9560098FD4A /* GeometryProxy.swift */,
			);
			path = Extensions;
			sourceTree = "<group>";
		};
		8B1D1DD8291110840070462B /* Utilities */ = {
			isa = PBXGroup;
			children = (
				8B1D1DA72910EB780070462B /* Assets.xcassets */,
				8B56240C291BDB6E00DE3777 /* ViewFrame.swift */,
				8B56240E291BDB7E00DE3777 /* GeometryGetter.swift */,
				8BA5139A29269D7300686208 /* ScrollView.swift */,
			);
			path = Utilities;
			sourceTree = "<group>";
		};
		8B1D1DDB2911131B0070462B /* Components */ = {
			isa = PBXGroup;
			children = (
				8B40FF5C2929308500D922FB /* Library */,
				8B638F2C29134F4200DD3E48 /* Song */,
				8B03660929125A940003FDFA /* Home */,
				8B1D1DDE291114590070462B /* Navbars */,
			);
			path = Components;
			sourceTree = "<group>";
		};
		8B1D1DDE291114590070462B /* Navbars */ = {
			isa = PBXGroup;
			children = (
				8B1D1DDF291114A30070462B /* NavbarContainer.swift */,
				8B688C27291CE7870082CD3C /* HomeNavbar.swift */,
				8B5B66742924DFDE003ED93D /* ExploreNavbar.swift */,
				8B2C38A62927BCB50076D698 /* LibraryNavbar.swift */,
			);
			path = Navbars;
			sourceTree = "<group>";
		};
		8B1D1DE2291127AF0070462B /* Stores */ = {
			isa = PBXGroup;
			children = (
				8B1D1DE7291127E60070462B /* AppState.swift */,
				8B7E75F92916DC67008599AD /* CombineStore.swift */,
			);
			path = Stores;
			sourceTree = "<group>";
		};
		8B1D1DE92911290F0070462B /* Modifiers */ = {
			isa = PBXGroup;
			children = (
			);
			path = Modifiers;
			sourceTree = "<group>";
		};
		8B1D1DEC2911309A0070462B /* PreferenceKeys */ = {
			isa = PBXGroup;
			children = (
				8B1D1DED291130C80070462B /* ScrollOffsetPreferenceKey.swift */,
			);
			path = PreferenceKeys;
			sourceTree = "<group>";
		};
		8B40FF5C2929308500D922FB /* Library */ = {
			isa = PBXGroup;
			children = (
				8B40FF5A2928DEB200D922FB /* LibraryListOrGrid.swift */,
			);
			path = Library;
			sourceTree = "<group>";
		};
		8B56B63329183066003D3CB0 /* APIs */ = {
			isa = PBXGroup;
			children = (
				8B56B63429183076003D3CB0 /* SpotifyAPI.swift */,
			);
			path = APIs;
			sourceTree = "<group>";
		};
		8B5B666E2924DF2A003ED93D /* Menus */ = {
			isa = PBXGroup;
			children = (
				8B1D1DD529110DC00070462B /* HomeView.swift */,
				8B5B66702924DF54003ED93D /* ExploreView.swift */,
				8B5B66722924DFB3003ED93D /* LibraryView.swift */,
			);
			path = Menus;
			sourceTree = "<group>";
		};
		8B638F2C29134F4200DD3E48 /* Song */ = {
			isa = PBXGroup;
			children = (
				8B638F2D29134F6600DD3E48 /* SongGrid.swift */,
				8B5B666A29249669003ED93D /* SongCarousel.swift */,
				8B5B66762924F2DB003ED93D /* SongCategoryGrid.swift */,
			);
			path = Song;
			sourceTree = "<group>";
		};
		8B638F31291352AE00DD3E48 /* Songs */ = {
			isa = PBXGroup;
			children = (
				8B638F32291352CA00DD3E48 /* SongPlaylist.swift */,
				8B638F34291352D300DD3E48 /* Song.swift */,
				8B5B66782924F637003ED93D /* SongCategory.swift */,
			);
			path = Songs;
			sourceTree = "<group>";
		};
		8B638F36291387C500DD3E48 /* Managers */ = {
			isa = PBXGroup;
			children = (
				8B638F3C291389D900DD3E48 /* APIManager.swift */,
				8B56B631291821C2003D3CB0 /* KeychainManager.swift */,
			);
			path = Managers;
			sourceTree = "<group>";
		};
		8B638F3E2913911B00DD3E48 /* Enums */ = {
			isa = PBXGroup;
			children = (
				8B638F412913913300DD3E48 /* HTTPMethodEnum.swift */,
				8B2C38A429279D7B0076D698 /* TabMenuEnum.swift */,
			);
			path = Enums;
			sourceTree = "<group>";
		};
/* End PBXGroup section */

/* Begin PBXNativeTarget section */
		8B1D1D9F2910EB760070462B /* Spotifan */ = {
			isa = PBXNativeTarget;
			buildConfigurationList = 8B1D1DC92910EB780070462B /* Build configuration list for PBXNativeTarget "Spotifan" */;
			buildPhases = (
				8B1D1D9C2910EB760070462B /* Sources */,
				8B1D1D9D2910EB760070462B /* Frameworks */,
				8B1D1D9E2910EB760070462B /* Resources */,
			);
			buildRules = (
			);
			dependencies = (
			);
			name = Spotifan;
			packageProductDependencies = (
				8B7E75FE291780D7008599AD /* Request */,
				8B7E76032917AE4C008599AD /* OAuthSwift */,
			);
			productName = Spotifan;
			productReference = 8B1D1DA02910EB760070462B /* Spotifan.app */;
			productType = "com.apple.product-type.application";
		};
		8B1D1DB42910EB780070462B /* SpotifanTests */ = {
			isa = PBXNativeTarget;
			buildConfigurationList = 8B1D1DCC2910EB780070462B /* Build configuration list for PBXNativeTarget "SpotifanTests" */;
			buildPhases = (
				8B1D1DB12910EB780070462B /* Sources */,
				8B1D1DB22910EB780070462B /* Frameworks */,
				8B1D1DB32910EB780070462B /* Resources */,
			);
			buildRules = (
			);
			dependencies = (
				8B1D1DB72910EB780070462B /* PBXTargetDependency */,
			);
			name = SpotifanTests;
			productName = SpotifanTests;
			productReference = 8B1D1DB52910EB780070462B /* SpotifanTests.xctest */;
			productType = "com.apple.product-type.bundle.unit-test";
		};
		8B1D1DBE2910EB780070462B /* SpotifanUITests */ = {
			isa = PBXNativeTarget;
			buildConfigurationList = 8B1D1DCF2910EB780070462B /* Build configuration list for PBXNativeTarget "SpotifanUITests" */;
			buildPhases = (
				8B1D1DBB2910EB780070462B /* Sources */,
				8B1D1DBC2910EB780070462B /* Frameworks */,
				8B1D1DBD2910EB780070462B /* Resources */,
			);
			buildRules = (
			);
			dependencies = (
				8B1D1DC12910EB780070462B /* PBXTargetDependency */,
			);
			name = SpotifanUITests;
			productName = SpotifanUITests;
			productReference = 8B1D1DBF2910EB780070462B /* SpotifanUITests.xctest */;
			productType = "com.apple.product-type.bundle.ui-testing";
		};
/* End PBXNativeTarget section */

/* Begin PBXProject section */
		8B1D1D982910EB760070462B /* Project object */ = {
			isa = PBXProject;
			attributes = {
				BuildIndependentTargetsInParallel = 1;
				LastSwiftUpdateCheck = 1400;
				LastUpgradeCheck = 1400;
				TargetAttributes = {
					8B1D1D9F2910EB760070462B = {
						CreatedOnToolsVersion = 14.0;
					};
					8B1D1DB42910EB780070462B = {
						CreatedOnToolsVersion = 14.0;
						TestTargetID = 8B1D1D9F2910EB760070462B;
					};
					8B1D1DBE2910EB780070462B = {
						CreatedOnToolsVersion = 14.0;
						TestTargetID = 8B1D1D9F2910EB760070462B;
					};
				};
			};
			buildConfigurationList = 8B1D1D9B2910EB760070462B /* Build configuration list for PBXProject "Spotifan" */;
			compatibilityVersion = "Xcode 14.0";
			developmentRegion = en;
			hasScannedForEncodings = 0;
			knownRegions = (
				en,
				Base,
			);
			mainGroup = 8B1D1D972910EB760070462B;
			packageReferences = (
				8B7E75FD291780D6008599AD /* XCRemoteSwiftPackageReference "swift-request" */,
				8B7E76022917AE4C008599AD /* XCRemoteSwiftPackageReference "OAuthSwift" */,
			);
			productRefGroup = 8B1D1DA12910EB760070462B /* Products */;
			projectDirPath = "";
			projectRoot = "";
			targets = (
				8B1D1D9F2910EB760070462B /* Spotifan */,
				8B1D1DB42910EB780070462B /* SpotifanTests */,
				8B1D1DBE2910EB780070462B /* SpotifanUITests */,
			);
		};
/* End PBXProject section */

/* Begin PBXResourcesBuildPhase section */
		8B1D1D9E2910EB760070462B /* Resources */ = {
			isa = PBXResourcesBuildPhase;
			buildActionMask = 2147483647;
			files = (
				8B1D1DAB2910EB780070462B /* Preview Assets.xcassets in Resources */,
				8B1D1DA82910EB780070462B /* Assets.xcassets in Resources */,
			);
			runOnlyForDeploymentPostprocessing = 0;
		};
		8B1D1DB32910EB780070462B /* Resources */ = {
			isa = PBXResourcesBuildPhase;
			buildActionMask = 2147483647;
			files = (
			);
			runOnlyForDeploymentPostprocessing = 0;
		};
		8B1D1DBD2910EB780070462B /* Resources */ = {
			isa = PBXResourcesBuildPhase;
			buildActionMask = 2147483647;
			files = (
			);
			runOnlyForDeploymentPostprocessing = 0;
		};
/* End PBXResourcesBuildPhase section */

/* Begin PBXSourcesBuildPhase section */
		8B1D1D9C2910EB760070462B /* Sources */ = {
			isa = PBXSourcesBuildPhase;
			buildActionMask = 2147483647;
			files = (
				8B7E75FC2916DDB2008599AD /* TestView.swift in Sources */,
				8B7E75FA2916DC67008599AD /* CombineStore.swift in Sources */,
				8B56B63529183076003D3CB0 /* SpotifyAPI.swift in Sources */,
				8B5B66712924DF54003ED93D /* ExploreView.swift in Sources */,
				8B638F35291352D300DD3E48 /* Song.swift in Sources */,
				8B1D1DEE291130C80070462B /* ScrollOffsetPreferenceKey.swift in Sources */,
				8B5B66752924DFDE003ED93D /* ExploreNavbar.swift in Sources */,
				8BA5139B29269D7300686208 /* ScrollView.swift in Sources */,
				8B56240D291BDB6E00DE3777 /* ViewFrame.swift in Sources */,
				8B638F2E29134F6600DD3E48 /* SongGrid.swift in Sources */,
				8B1D1DE0291114A30070462B /* NavbarContainer.swift in Sources */,
				8B03660729125A7F0003FDFA /* HomeMenu.swift in Sources */,
				8B688C28291CE7870082CD3C /* HomeNavbar.swift in Sources */,
				8BF3F554291BB9560098FD4A /* GeometryProxy.swift in Sources */,
				8B2C38A529279D7B0076D698 /* TabMenuEnum.swift in Sources */,
				8B638F33291352CA00DD3E48 /* SongPlaylist.swift in Sources */,
				8B1D1DB02910EB780070462B /* Spotifan.xcdatamodeld in Sources */,
				8B1D1DE8291127E60070462B /* AppState.swift in Sources */,
				8B5B666B29249669003ED93D /* SongCarousel.swift in Sources */,
				8B5B66792924F637003ED93D /* SongCategory.swift in Sources */,
				8B5B66732924DFB3003ED93D /* LibraryView.swift in Sources */,
				8B1D1DD629110DC00070462B /* HomeView.swift in Sources */,
				8B2C38A72927BCB50076D698 /* LibraryNavbar.swift in Sources */,
				8BF3F54E291B972D0098FD4A /* UIScreen.swift in Sources */,
				8B638F3D291389D900DD3E48 /* APIManager.swift in Sources */,
				8B56B632291821C2003D3CB0 /* KeychainManager.swift in Sources */,
				8B5B66772924F2DB003ED93D /* SongCategoryGrid.swift in Sources */,
				8B638F422913913300DD3E48 /* HTTPMethodEnum.swift in Sources */,
				8B40FF5B2928DEB200D922FB /* LibraryListOrGrid.swift in Sources */,
				8B1D1DA42910EB760070462B /* SpotifanApp.swift in Sources */,
				8B5B666D2924DF09003ED93D /* MainView.swift in Sources */,
				8B56240F291BDB7E00DE3777 /* GeometryGetter.swift in Sources */,
				8B1D1DDA291110AF0070462B /* Color.swift in Sources */,
				8B7E7601291787FB008599AD /* WebView.swift in Sources */,
			);
			runOnlyForDeploymentPostprocessing = 0;
		};
		8B1D1DB12910EB780070462B /* Sources */ = {
			isa = PBXSourcesBuildPhase;
			buildActionMask = 2147483647;
			files = (
				8B1D1DBA2910EB780070462B /* SpotifanTests.swift in Sources */,
			);
			runOnlyForDeploymentPostprocessing = 0;
		};
		8B1D1DBB2910EB780070462B /* Sources */ = {
			isa = PBXSourcesBuildPhase;
			buildActionMask = 2147483647;
			files = (
				8B1D1DC62910EB780070462B /* SpotifanUITestsLaunchTests.swift in Sources */,
				8B1D1DC42910EB780070462B /* SpotifanUITests.swift in Sources */,
			);
			runOnlyForDeploymentPostprocessing = 0;
		};
/* End PBXSourcesBuildPhase section */

/* Begin PBXTargetDependency section */
		8B1D1DB72910EB780070462B /* PBXTargetDependency */ = {
			isa = PBXTargetDependency;
			target = 8B1D1D9F2910EB760070462B /* Spotifan */;
			targetProxy = 8B1D1DB62910EB780070462B /* PBXContainerItemProxy */;
		};
		8B1D1DC12910EB780070462B /* PBXTargetDependency */ = {
			isa = PBXTargetDependency;
			target = 8B1D1D9F2910EB760070462B /* Spotifan */;
			targetProxy = 8B1D1DC02910EB780070462B /* PBXContainerItemProxy */;
		};
/* End PBXTargetDependency section */

/* Begin XCBuildConfiguration section */
		8B1D1DC72910EB780070462B /* Debug */ = {
			isa = XCBuildConfiguration;
			buildSettings = {
				ALWAYS_SEARCH_USER_PATHS = NO;
				CLANG_ANALYZER_NONNULL = YES;
				CLANG_ANALYZER_NUMBER_OBJECT_CONVERSION = YES_AGGRESSIVE;
				CLANG_CXX_LANGUAGE_STANDARD = "gnu++20";
				CLANG_ENABLE_MODULES = YES;
				CLANG_ENABLE_OBJC_ARC = YES;
				CLANG_ENABLE_OBJC_WEAK = YES;
				CLANG_WARN_BLOCK_CAPTURE_AUTORELEASING = YES;
				CLANG_WARN_BOOL_CONVERSION = YES;
				CLANG_WARN_COMMA = YES;
				CLANG_WARN_CONSTANT_CONVERSION = YES;
				CLANG_WARN_DEPRECATED_OBJC_IMPLEMENTATIONS = YES;
				CLANG_WARN_DIRECT_OBJC_ISA_USAGE = YES_ERROR;
				CLANG_WARN_DOCUMENTATION_COMMENTS = YES;
				CLANG_WARN_EMPTY_BODY = YES;
				CLANG_WARN_ENUM_CONVERSION = YES;
				CLANG_WARN_INFINITE_RECURSION = YES;
				CLANG_WARN_INT_CONVERSION = YES;
				CLANG_WARN_NON_LITERAL_NULL_CONVERSION = YES;
				CLANG_WARN_OBJC_IMPLICIT_RETAIN_SELF = YES;
				CLANG_WARN_OBJC_LITERAL_CONVERSION = YES;
				CLANG_WARN_OBJC_ROOT_CLASS = YES_ERROR;
				CLANG_WARN_QUOTED_INCLUDE_IN_FRAMEWORK_HEADER = YES;
				CLANG_WARN_RANGE_LOOP_ANALYSIS = YES;
				CLANG_WARN_STRICT_PROTOTYPES = YES;
				CLANG_WARN_SUSPICIOUS_MOVE = YES;
				CLANG_WARN_UNGUARDED_AVAILABILITY = YES_AGGRESSIVE;
				CLANG_WARN_UNREACHABLE_CODE = YES;
				CLANG_WARN__DUPLICATE_METHOD_MATCH = YES;
				COPY_PHASE_STRIP = NO;
				DEBUG_INFORMATION_FORMAT = dwarf;
				ENABLE_STRICT_OBJC_MSGSEND = YES;
				ENABLE_TESTABILITY = YES;
				GCC_C_LANGUAGE_STANDARD = gnu11;
				GCC_DYNAMIC_NO_PIC = NO;
				GCC_NO_COMMON_BLOCKS = YES;
				GCC_OPTIMIZATION_LEVEL = 0;
				GCC_PREPROCESSOR_DEFINITIONS = (
					"DEBUG=1",
					"$(inherited)",
				);
				GCC_WARN_64_TO_32_BIT_CONVERSION = YES;
				GCC_WARN_ABOUT_RETURN_TYPE = YES_ERROR;
				GCC_WARN_UNDECLARED_SELECTOR = YES;
				GCC_WARN_UNINITIALIZED_AUTOS = YES_AGGRESSIVE;
				GCC_WARN_UNUSED_FUNCTION = YES;
				GCC_WARN_UNUSED_VARIABLE = YES;
				IPHONEOS_DEPLOYMENT_TARGET = 16.0;
				MTL_ENABLE_DEBUG_INFO = INCLUDE_SOURCE;
				MTL_FAST_MATH = YES;
				ONLY_ACTIVE_ARCH = YES;
				SDKROOT = iphoneos;
				SWIFT_ACTIVE_COMPILATION_CONDITIONS = DEBUG;
				SWIFT_OPTIMIZATION_LEVEL = "-Onone";
			};
			name = Debug;
		};
		8B1D1DC82910EB780070462B /* Release */ = {
			isa = XCBuildConfiguration;
			buildSettings = {
				ALWAYS_SEARCH_USER_PATHS = NO;
				CLANG_ANALYZER_NONNULL = YES;
				CLANG_ANALYZER_NUMBER_OBJECT_CONVERSION = YES_AGGRESSIVE;
				CLANG_CXX_LANGUAGE_STANDARD = "gnu++20";
				CLANG_ENABLE_MODULES = YES;
				CLANG_ENABLE_OBJC_ARC = YES;
				CLANG_ENABLE_OBJC_WEAK = YES;
				CLANG_WARN_BLOCK_CAPTURE_AUTORELEASING = YES;
				CLANG_WARN_BOOL_CONVERSION = YES;
				CLANG_WARN_COMMA = YES;
				CLANG_WARN_CONSTANT_CONVERSION = YES;
				CLANG_WARN_DEPRECATED_OBJC_IMPLEMENTATIONS = YES;
				CLANG_WARN_DIRECT_OBJC_ISA_USAGE = YES_ERROR;
				CLANG_WARN_DOCUMENTATION_COMMENTS = YES;
				CLANG_WARN_EMPTY_BODY = YES;
				CLANG_WARN_ENUM_CONVERSION = YES;
				CLANG_WARN_INFINITE_RECURSION = YES;
				CLANG_WARN_INT_CONVERSION = YES;
				CLANG_WARN_NON_LITERAL_NULL_CONVERSION = YES;
				CLANG_WARN_OBJC_IMPLICIT_RETAIN_SELF = YES;
				CLANG_WARN_OBJC_LITERAL_CONVERSION = YES;
				CLANG_WARN_OBJC_ROOT_CLASS = YES_ERROR;
				CLANG_WARN_QUOTED_INCLUDE_IN_FRAMEWORK_HEADER = YES;
				CLANG_WARN_RANGE_LOOP_ANALYSIS = YES;
				CLANG_WARN_STRICT_PROTOTYPES = YES;
				CLANG_WARN_SUSPICIOUS_MOVE = YES;
				CLANG_WARN_UNGUARDED_AVAILABILITY = YES_AGGRESSIVE;
				CLANG_WARN_UNREACHABLE_CODE = YES;
				CLANG_WARN__DUPLICATE_METHOD_MATCH = YES;
				COPY_PHASE_STRIP = NO;
				DEBUG_INFORMATION_FORMAT = "dwarf-with-dsym";
				ENABLE_NS_ASSERTIONS = NO;
				ENABLE_STRICT_OBJC_MSGSEND = YES;
				GCC_C_LANGUAGE_STANDARD = gnu11;
				GCC_NO_COMMON_BLOCKS = YES;
				GCC_WARN_64_TO_32_BIT_CONVERSION = YES;
				GCC_WARN_ABOUT_RETURN_TYPE = YES_ERROR;
				GCC_WARN_UNDECLARED_SELECTOR = YES;
				GCC_WARN_UNINITIALIZED_AUTOS = YES_AGGRESSIVE;
				GCC_WARN_UNUSED_FUNCTION = YES;
				GCC_WARN_UNUSED_VARIABLE = YES;
				IPHONEOS_DEPLOYMENT_TARGET = 16.0;
				MTL_ENABLE_DEBUG_INFO = NO;
				MTL_FAST_MATH = YES;
				SDKROOT = iphoneos;
				SWIFT_COMPILATION_MODE = wholemodule;
				SWIFT_OPTIMIZATION_LEVEL = "-O";
				VALIDATE_PRODUCT = YES;
			};
			name = Release;
		};
		8B1D1DCA2910EB780070462B /* Debug */ = {
			isa = XCBuildConfiguration;
			buildSettings = {
				ASSETCATALOG_COMPILER_APPICON_NAME = AppIcon;
				ASSETCATALOG_COMPILER_GLOBAL_ACCENT_COLOR_NAME = AccentColor;
				CODE_SIGN_STYLE = Automatic;
				CURRENT_PROJECT_VERSION = 1;
				DEVELOPMENT_ASSET_PATHS = "\"Spotifan/Preview Content\"";
				DEVELOPMENT_TEAM = N4JXQZ23WC;
				ENABLE_PREVIEWS = YES;
				GENERATE_INFOPLIST_FILE = YES;
				INFOPLIST_FILE = Spotifan/Info.plist;
				INFOPLIST_KEY_UIApplicationSceneManifest_Generation = YES;
				INFOPLIST_KEY_UIApplicationSupportsIndirectInputEvents = YES;
				INFOPLIST_KEY_UILaunchScreen_Generation = YES;
				INFOPLIST_KEY_UISupportedInterfaceOrientations_iPad = "UIInterfaceOrientationPortrait UIInterfaceOrientationPortraitUpsideDown UIInterfaceOrientationLandscapeLeft UIInterfaceOrientationLandscapeRight";
				INFOPLIST_KEY_UISupportedInterfaceOrientations_iPhone = "UIInterfaceOrientationPortrait UIInterfaceOrientationLandscapeLeft UIInterfaceOrientationLandscapeRight";
				LD_RUNPATH_SEARCH_PATHS = (
					"$(inherited)",
					"@executable_path/Frameworks",
				);
				MARKETING_VERSION = 1.0;
				PRODUCT_BUNDLE_IDENTIFIER = Arfanxn.Spotifan;
				PRODUCT_NAME = "$(TARGET_NAME)";
				SWIFT_EMIT_LOC_STRINGS = YES;
				SWIFT_VERSION = 5.0;
				TARGETED_DEVICE_FAMILY = "1,2";
			};
			name = Debug;
		};
		8B1D1DCB2910EB780070462B /* Release */ = {
			isa = XCBuildConfiguration;
			buildSettings = {
				ASSETCATALOG_COMPILER_APPICON_NAME = AppIcon;
				ASSETCATALOG_COMPILER_GLOBAL_ACCENT_COLOR_NAME = AccentColor;
				CODE_SIGN_STYLE = Automatic;
				CURRENT_PROJECT_VERSION = 1;
				DEVELOPMENT_ASSET_PATHS = "\"Spotifan/Preview Content\"";
				DEVELOPMENT_TEAM = N4JXQZ23WC;
				ENABLE_PREVIEWS = YES;
				GENERATE_INFOPLIST_FILE = YES;
				INFOPLIST_FILE = Spotifan/Info.plist;
				INFOPLIST_KEY_UIApplicationSceneManifest_Generation = YES;
				INFOPLIST_KEY_UIApplicationSupportsIndirectInputEvents = YES;
				INFOPLIST_KEY_UILaunchScreen_Generation = YES;
				INFOPLIST_KEY_UISupportedInterfaceOrientations_iPad = "UIInterfaceOrientationPortrait UIInterfaceOrientationPortraitUpsideDown UIInterfaceOrientationLandscapeLeft UIInterfaceOrientationLandscapeRight";
				INFOPLIST_KEY_UISupportedInterfaceOrientations_iPhone = "UIInterfaceOrientationPortrait UIInterfaceOrientationLandscapeLeft UIInterfaceOrientationLandscapeRight";
				LD_RUNPATH_SEARCH_PATHS = (
					"$(inherited)",
					"@executable_path/Frameworks",
				);
				MARKETING_VERSION = 1.0;
				PRODUCT_BUNDLE_IDENTIFIER = Arfanxn.Spotifan;
				PRODUCT_NAME = "$(TARGET_NAME)";
				SWIFT_EMIT_LOC_STRINGS = YES;
				SWIFT_VERSION = 5.0;
				TARGETED_DEVICE_FAMILY = "1,2";
			};
			name = Release;
		};
		8B1D1DCD2910EB780070462B /* Debug */ = {
			isa = XCBuildConfiguration;
			buildSettings = {
				ALWAYS_EMBED_SWIFT_STANDARD_LIBRARIES = YES;
				BUNDLE_LOADER = "$(TEST_HOST)";
				CODE_SIGN_STYLE = Automatic;
				CURRENT_PROJECT_VERSION = 1;
				DEVELOPMENT_TEAM = N4JXQZ23WC;
				GENERATE_INFOPLIST_FILE = YES;
				IPHONEOS_DEPLOYMENT_TARGET = 16.0;
				MARKETING_VERSION = 1.0;
				PRODUCT_BUNDLE_IDENTIFIER = Arfanxn.SpotifanTests;
				PRODUCT_NAME = "$(TARGET_NAME)";
				SWIFT_EMIT_LOC_STRINGS = NO;
				SWIFT_VERSION = 5.0;
				TARGETED_DEVICE_FAMILY = "1,2";
				TEST_HOST = "$(BUILT_PRODUCTS_DIR)/Spotifan.app/$(BUNDLE_EXECUTABLE_FOLDER_PATH)/Spotifan";
			};
			name = Debug;
		};
		8B1D1DCE2910EB780070462B /* Release */ = {
			isa = XCBuildConfiguration;
			buildSettings = {
				ALWAYS_EMBED_SWIFT_STANDARD_LIBRARIES = YES;
				BUNDLE_LOADER = "$(TEST_HOST)";
				CODE_SIGN_STYLE = Automatic;
				CURRENT_PROJECT_VERSION = 1;
				DEVELOPMENT_TEAM = N4JXQZ23WC;
				GENERATE_INFOPLIST_FILE = YES;
				IPHONEOS_DEPLOYMENT_TARGET = 16.0;
				MARKETING_VERSION = 1.0;
				PRODUCT_BUNDLE_IDENTIFIER = Arfanxn.SpotifanTests;
				PRODUCT_NAME = "$(TARGET_NAME)";
				SWIFT_EMIT_LOC_STRINGS = NO;
				SWIFT_VERSION = 5.0;
				TARGETED_DEVICE_FAMILY = "1,2";
				TEST_HOST = "$(BUILT_PRODUCTS_DIR)/Spotifan.app/$(BUNDLE_EXECUTABLE_FOLDER_PATH)/Spotifan";
			};
			name = Release;
		};
		8B1D1DD02910EB780070462B /* Debug */ = {
			isa = XCBuildConfiguration;
			buildSettings = {
				ALWAYS_EMBED_SWIFT_STANDARD_LIBRARIES = YES;
				CODE_SIGN_STYLE = Automatic;
				CURRENT_PROJECT_VERSION = 1;
				DEVELOPMENT_TEAM = N4JXQZ23WC;
				GENERATE_INFOPLIST_FILE = YES;
				MARKETING_VERSION = 1.0;
				PRODUCT_BUNDLE_IDENTIFIER = Arfanxn.SpotifanUITests;
				PRODUCT_NAME = "$(TARGET_NAME)";
				SWIFT_EMIT_LOC_STRINGS = NO;
				SWIFT_VERSION = 5.0;
				TARGETED_DEVICE_FAMILY = "1,2";
				TEST_TARGET_NAME = Spotifan;
			};
			name = Debug;
		};
		8B1D1DD12910EB780070462B /* Release */ = {
			isa = XCBuildConfiguration;
			buildSettings = {
				ALWAYS_EMBED_SWIFT_STANDARD_LIBRARIES = YES;
				CODE_SIGN_STYLE = Automatic;
				CURRENT_PROJECT_VERSION = 1;
				DEVELOPMENT_TEAM = N4JXQZ23WC;
				GENERATE_INFOPLIST_FILE = YES;
				MARKETING_VERSION = 1.0;
				PRODUCT_BUNDLE_IDENTIFIER = Arfanxn.SpotifanUITests;
				PRODUCT_NAME = "$(TARGET_NAME)";
				SWIFT_EMIT_LOC_STRINGS = NO;
				SWIFT_VERSION = 5.0;
				TARGETED_DEVICE_FAMILY = "1,2";
				TEST_TARGET_NAME = Spotifan;
			};
			name = Release;
		};
/* End XCBuildConfiguration section */

/* Begin XCConfigurationList section */
		8B1D1D9B2910EB760070462B /* Build configuration list for PBXProject "Spotifan" */ = {
			isa = XCConfigurationList;
			buildConfigurations = (
				8B1D1DC72910EB780070462B /* Debug */,
				8B1D1DC82910EB780070462B /* Release */,
			);
			defaultConfigurationIsVisible = 0;
			defaultConfigurationName = Release;
		};
		8B1D1DC92910EB780070462B /* Build configuration list for PBXNativeTarget "Spotifan" */ = {
			isa = XCConfigurationList;
			buildConfigurations = (
				8B1D1DCA2910EB780070462B /* Debug */,
				8B1D1DCB2910EB780070462B /* Release */,
			);
			defaultConfigurationIsVisible = 0;
			defaultConfigurationName = Release;
		};
		8B1D1DCC2910EB780070462B /* Build configuration list for PBXNativeTarget "SpotifanTests" */ = {
			isa = XCConfigurationList;
			buildConfigurations = (
				8B1D1DCD2910EB780070462B /* Debug */,
				8B1D1DCE2910EB780070462B /* Release */,
			);
			defaultConfigurationIsVisible = 0;
			defaultConfigurationName = Release;
		};
		8B1D1DCF2910EB780070462B /* Build configuration list for PBXNativeTarget "SpotifanUITests" */ = {
			isa = XCConfigurationList;
			buildConfigurations = (
				8B1D1DD02910EB780070462B /* Debug */,
				8B1D1DD12910EB780070462B /* Release */,
			);
			defaultConfigurationIsVisible = 0;
			defaultConfigurationName = Release;
		};
/* End XCConfigurationList section */

/* Begin XCRemoteSwiftPackageReference section */
		8B7E75FD291780D6008599AD /* XCRemoteSwiftPackageReference "swift-request" */ = {
			isa = XCRemoteSwiftPackageReference;
			repositoryURL = "https://github.com/carson-katri/swift-request";
			requirement = {
				kind = upToNextMajorVersion;
				minimumVersion = 1.0.0;
			};
		};
		8B7E76022917AE4C008599AD /* XCRemoteSwiftPackageReference "OAuthSwift" */ = {
			isa = XCRemoteSwiftPackageReference;
			repositoryURL = "https://github.com/OAuthSwift/OAuthSwift";
			requirement = {
				kind = upToNextMajorVersion;
				minimumVersion = 2.0.0;
			};
		};
/* End XCRemoteSwiftPackageReference section */

/* Begin XCSwiftPackageProductDependency section */
		8B7E75FE291780D7008599AD /* Request */ = {
			isa = XCSwiftPackageProductDependency;
			package = 8B7E75FD291780D6008599AD /* XCRemoteSwiftPackageReference "swift-request" */;
			productName = Request;
		};
		8B7E76032917AE4C008599AD /* OAuthSwift */ = {
			isa = XCSwiftPackageProductDependency;
			package = 8B7E76022917AE4C008599AD /* XCRemoteSwiftPackageReference "OAuthSwift" */;
			productName = OAuthSwift;
		};
/* End XCSwiftPackageProductDependency section */

/* Begin XCVersionGroup section */
		8B1D1DAE2910EB780070462B /* Spotifan.xcdatamodeld */ = {
			isa = XCVersionGroup;
			children = (
				8B1D1DAF2910EB780070462B /* Spotifan.xcdatamodel */,
			);
			currentVersion = 8B1D1DAF2910EB780070462B /* Spotifan.xcdatamodel */;
			path = Spotifan.xcdatamodeld;
			sourceTree = "<group>";
			versionGroupType = wrapper.xcdatamodel;
		};
/* End XCVersionGroup section */
	};
	rootObject = 8B1D1D982910EB760070462B /* Project object */;
}
